
Microsoft Visual Studio Solution File, Format Version 12.00
# Visual Studio Version 17
VisualStudioVersion = 17.13.35828.75
MinimumVisualStudioVersion = 10.0.40219.1
Project("{FAE04EC0-301F-11D3-BF4B-00C04F79EFBC}") = "BankDataAccess", "BankDataAccess.csproj", "{7AB942F7-8294-418C-A316-68DD4342DEFC}"
EndProject
Project("{FAE04EC0-301F-11D3-BF4B-00C04F79EFBC}") = "BankBussnis", "..\BankBussnis\BankBussnis.csproj", "{7A2F64EA-6210-48D4-8118-D4D18ED4C6A4}"
EndProject
Project("{FAE04EC0-301F-11D3-BF4B-00C04F79EFBC}") = "BankInterface1", "..\BankInterface1\BankInterface1.csproj", "{9F854C52-B390-4EB6-AE8E-FFD4D7758C7A}"
EndProject
Global
	GlobalSection(SolutionConfigurationPlatforms) = preSolution
		Debug|Any CPU = Debug|Any CPU
		Release|Any CPU = Release|Any CPU
	EndGlobalSection
	GlobalSection(ProjectConfigurationPlatforms) = postSolution
		{7AB942F7-8294-418C-A316-68DD4342DEFC}.Debug|Any CPU.ActiveCfg = Debug|Any CPU
		{7AB942F7-8294-418C-A316-68DD4342DEFC}.Debug|Any CPU.Build.0 = Debug|Any CPU
		{7AB942F7-8294-418C-A316-68DD4342DEFC}.Release|Any CPU.ActiveCfg = Release|Any CPU
		{7AB942F7-8294-418C-A316-68DD4342DEFC}.Release|Any CPU.Build.0 = Release|Any CPU
		{7A2F64EA-6210-48D4-8118-D4D18ED4C6A4}.Debug|Any CPU.ActiveCfg = Debug|Any CPU
		{7A2F64EA-6210-48D4-8118-D4D18ED4C6A4}.Debug|Any CPU.Build.0 = Debug|Any CPU
		{7A2F64EA-6210-48D4-8118-D4D18ED4C6A4}.Release|Any CPU.ActiveCfg = Release|Any CPU
		{7A2F64EA-6210-48D4-8118-D4D18ED4C6A4}.Release|Any CPU.Build.0 = Release|Any CPU
		{9F854C52-B390-4EB6-AE8E-FFD4D7758C7A}.Debug|Any CPU.ActiveCfg = Debug|Any CPU
		{9F854C52-B390-4EB6-AE8E-FFD4D7758C7A}.Debug|Any CPU.Build.0 = Debug|Any CPU
		{9F854C52-B390-4EB6-AE8E-FFD4D7758C7A}.Release|Any CPU.ActiveCfg = Release|Any CPU
		{9F854C52-B390-4EB6-AE8E-FFD4D7758C7A}.Release|Any CPU.Build.0 = Release|Any CPU
	EndGlobalSection
	GlobalSection(SolutionProperties) = preSolution
		HideSolutionNode = FALSE
	EndGlobalSection
	GlobalSection(ExtensibilityGlobals) = postSolution
		SolutionGuid = {6B7A99A3-2E82-41C1-930A-843C36F57253}
	EndGlobalSection
EndGlobal
